
Microsoft Visual Studio Solution File, Format Version 12.00
# Visual Studio Version 16
VisualStudioVersion = 16.0.31410.357
MinimumVisualStudioVersion = 10.0.40219.1
Project("{9A19103F-16F7-4668-BE54-9A1E7A4F7556}") = "RESTClientNUnitTests", "..\RESTClientNUnitTests\RESTClientNUnitTests.csproj", "{950077D2-4EC5-47CD-AF2F-80410EECA165}"
	ProjectSection(ProjectDependencies) = postProject
		{21F81B65-EF1D-4F53-A492-A82BC060E26F} = {21F81B65-EF1D-4F53-A492-A82BC060E26F}
	EndProjectSection
EndProject
Project("{9A19103F-16F7-4668-BE54-9A1E7A4F7556}") = "RESTClientAPI", "..\RESTClientAPI\RESTClientAPI.csproj", "{21F81B65-EF1D-4F53-A492-A82BC060E26F}"
EndProject
Project("{9A19103F-16F7-4668-BE54-9A1E7A4F7556}") = "WPFApplication", "..\WPFApplication\WPFApplication.csproj", "{9C5341E3-5ED3-4068-85C5-B331ED98F240}"
	ProjectSection(ProjectDependencies) = postProject
		{21F81B65-EF1D-4F53-A492-A82BC060E26F} = {21F81B65-EF1D-4F53-A492-A82BC060E26F}
	EndProjectSection
EndProject
Project("{9A19103F-16F7-4668-BE54-9A1E7A4F7556}") = "GUINUnitTest", "..\GUINUnitTest\GUINUnitTest.csproj", "{ED639CFE-A8C0-466A-9607-02F3C04814B5}"
EndProject
Global
	GlobalSection(SolutionConfigurationPlatforms) = preSolution
		Debug|Any CPU = Debug|Any CPU
		Release|Any CPU = Release|Any CPU
	EndGlobalSection
	GlobalSection(ProjectConfigurationPlatforms) = postSolution
		{950077D2-4EC5-47CD-AF2F-80410EECA165}.Debug|Any CPU.ActiveCfg = Debug|Any CPU
		{950077D2-4EC5-47CD-AF2F-80410EECA165}.Debug|Any CPU.Build.0 = Debug|Any CPU
		{950077D2-4EC5-47CD-AF2F-80410EECA165}.Release|Any CPU.ActiveCfg = Release|Any CPU
		{950077D2-4EC5-47CD-AF2F-80410EECA165}.Release|Any CPU.Build.0 = Release|Any CPU
		{21F81B65-EF1D-4F53-A492-A82BC060E26F}.Debug|Any CPU.ActiveCfg = Debug|Any CPU
		{21F81B65-EF1D-4F53-A492-A82BC060E26F}.Debug|Any CPU.Build.0 = Debug|Any CPU
		{21F81B65-EF1D-4F53-A492-A82BC060E26F}.Release|Any CPU.ActiveCfg = Release|Any CPU
		{21F81B65-EF1D-4F53-A492-A82BC060E26F}.Release|Any CPU.Build.0 = Release|Any CPU
		{9C5341E3-5ED3-4068-85C5-B331ED98F240}.Debug|Any CPU.ActiveCfg = Debug|Any CPU
		{9C5341E3-5ED3-4068-85C5-B331ED98F240}.Debug|Any CPU.Build.0 = Debug|Any CPU
		{9C5341E3-5ED3-4068-85C5-B331ED98F240}.Release|Any CPU.ActiveCfg = Release|Any CPU
		{9C5341E3-5ED3-4068-85C5-B331ED98F240}.Release|Any CPU.Build.0 = Release|Any CPU
		{ED639CFE-A8C0-466A-9607-02F3C04814B5}.Debug|Any CPU.ActiveCfg = Debug|Any CPU
		{ED639CFE-A8C0-466A-9607-02F3C04814B5}.Debug|Any CPU.Build.0 = Debug|Any CPU
		{ED639CFE-A8C0-466A-9607-02F3C04814B5}.Release|Any CPU.ActiveCfg = Release|Any CPU
		{ED639CFE-A8C0-466A-9607-02F3C04814B5}.Release|Any CPU.Build.0 = Release|Any CPU
	EndGlobalSection
	GlobalSection(SolutionProperties) = preSolution
		HideSolutionNode = FALSE
	EndGlobalSection
	GlobalSection(ExtensibilityGlobals) = postSolution
		SolutionGuid = {B44C13E7-694B-41FD-85E1-1B595BBFCB61}
	EndGlobalSection
EndGlobal
